
Microsoft Visual Studio Solution File, Format Version 12.00
# Visual Studio Version 17
VisualStudioVersion = 17.3.32929.385
MinimumVisualStudioVersion = 10.0.40219.1
Project("{9A19103F-16F7-4668-BE54-9A1E7A4F7556}") = "SkillFactory", "SkillFactory\SkillFactory.csproj", "{6FAFE96F-E352-4E19-B53A-6EB1453B128A}"
EndProject
Project("{9A19103F-16F7-4668-BE54-9A1E7A4F7556}") = "Module 10", "Module 10\Module 10.csproj", "{E79EC78F-BA69-42DB-A98A-ED7DB332BBA0}"
EndProject
Project("{9A19103F-16F7-4668-BE54-9A1E7A4F7556}") = "Module 11", "Module 11\Module 11.csproj", "{B92EE138-34DB-4FDA-A019-2E8E50770D73}"
EndProject
Project("{9A19103F-16F7-4668-BE54-9A1E7A4F7556}") = "UtilityBot", "UtilityBot\UtilityBot.csproj", "{7BCC6548-AC67-4A8A-867F-E01FBA36B0D5}"
EndProject
Project("{9A19103F-16F7-4668-BE54-9A1E7A4F7556}") = "Module 12", "Module 12\Module 12.csproj", "{A015ABE8-AD00-43AC-81B4-C4025D0D8799}"
EndProject
Project("{9A19103F-16F7-4668-BE54-9A1E7A4F7556}") = "Module 13", "Module 13\Module 13.csproj", "{E12BB5FD-8401-46E6-BCC4-034672C996F3}"
EndProject
Project("{FAE04EC0-301F-11D3-BF4B-00C04F79EFBC}") = "Module 14", "Module 14\Module 14.csproj", "{671FDD37-FDF0-412C-9FA2-346C313FD814}"
EndProject
Global
	GlobalSection(SolutionConfigurationPlatforms) = preSolution
		Debug|Any CPU = Debug|Any CPU
		Debug|x64 = Debug|x64
		Debug|x86 = Debug|x86
		Release|Any CPU = Release|Any CPU
		Release|x64 = Release|x64
		Release|x86 = Release|x86
	EndGlobalSection
	GlobalSection(ProjectConfigurationPlatforms) = postSolution
		{6FAFE96F-E352-4E19-B53A-6EB1453B128A}.Debug|Any CPU.ActiveCfg = Debug|Any CPU
		{6FAFE96F-E352-4E19-B53A-6EB1453B128A}.Debug|Any CPU.Build.0 = Debug|Any CPU
		{6FAFE96F-E352-4E19-B53A-6EB1453B128A}.Debug|x64.ActiveCfg = Debug|Any CPU
		{6FAFE96F-E352-4E19-B53A-6EB1453B128A}.Debug|x64.Build.0 = Debug|Any CPU
		{6FAFE96F-E352-4E19-B53A-6EB1453B128A}.Debug|x86.ActiveCfg = Debug|Any CPU
		{6FAFE96F-E352-4E19-B53A-6EB1453B128A}.Debug|x86.Build.0 = Debug|Any CPU
		{6FAFE96F-E352-4E19-B53A-6EB1453B128A}.Release|Any CPU.ActiveCfg = Release|Any CPU
		{6FAFE96F-E352-4E19-B53A-6EB1453B128A}.Release|Any CPU.Build.0 = Release|Any CPU
		{6FAFE96F-E352-4E19-B53A-6EB1453B128A}.Release|x64.ActiveCfg = Release|Any CPU
		{6FAFE96F-E352-4E19-B53A-6EB1453B128A}.Release|x64.Build.0 = Release|Any CPU
		{6FAFE96F-E352-4E19-B53A-6EB1453B128A}.Release|x86.ActiveCfg = Release|Any CPU
		{6FAFE96F-E352-4E19-B53A-6EB1453B128A}.Release|x86.Build.0 = Release|Any CPU
		{E79EC78F-BA69-42DB-A98A-ED7DB332BBA0}.Debug|Any CPU.ActiveCfg = Debug|Any CPU
		{E79EC78F-BA69-42DB-A98A-ED7DB332BBA0}.Debug|Any CPU.Build.0 = Debug|Any CPU
		{E79EC78F-BA69-42DB-A98A-ED7DB332BBA0}.Debug|x64.ActiveCfg = Debug|Any CPU
		{E79EC78F-BA69-42DB-A98A-ED7DB332BBA0}.Debug|x64.Build.0 = Debug|Any CPU
		{E79EC78F-BA69-42DB-A98A-ED7DB332BBA0}.Debug|x86.ActiveCfg = Debug|Any CPU
		{E79EC78F-BA69-42DB-A98A-ED7DB332BBA0}.Debug|x86.Build.0 = Debug|Any CPU
		{E79EC78F-BA69-42DB-A98A-ED7DB332BBA0}.Release|Any CPU.ActiveCfg = Release|Any CPU
		{E79EC78F-BA69-42DB-A98A-ED7DB332BBA0}.Release|Any CPU.Build.0 = Release|Any CPU
		{E79EC78F-BA69-42DB-A98A-ED7DB332BBA0}.Release|x64.ActiveCfg = Release|Any CPU
		{E79EC78F-BA69-42DB-A98A-ED7DB332BBA0}.Release|x64.Build.0 = Release|Any CPU
		{E79EC78F-BA69-42DB-A98A-ED7DB332BBA0}.Release|x86.ActiveCfg = Release|Any CPU
		{E79EC78F-BA69-42DB-A98A-ED7DB332BBA0}.Release|x86.Build.0 = Release|Any CPU
		{B92EE138-34DB-4FDA-A019-2E8E50770D73}.Debug|Any CPU.ActiveCfg = Debug|Any CPU
		{B92EE138-34DB-4FDA-A019-2E8E50770D73}.Debug|Any CPU.Build.0 = Debug|Any CPU
		{B92EE138-34DB-4FDA-A019-2E8E50770D73}.Debug|x64.ActiveCfg = Debug|Any CPU
		{B92EE138-34DB-4FDA-A019-2E8E50770D73}.Debug|x64.Build.0 = Debug|Any CPU
		{B92EE138-34DB-4FDA-A019-2E8E50770D73}.Debug|x86.ActiveCfg = Debug|Any CPU
		{B92EE138-34DB-4FDA-A019-2E8E50770D73}.Debug|x86.Build.0 = Debug|Any CPU
		{B92EE138-34DB-4FDA-A019-2E8E50770D73}.Release|Any CPU.ActiveCfg = Release|Any CPU
		{B92EE138-34DB-4FDA-A019-2E8E50770D73}.Release|Any CPU.Build.0 = Release|Any CPU
		{B92EE138-34DB-4FDA-A019-2E8E50770D73}.Release|x64.ActiveCfg = Release|Any CPU
		{B92EE138-34DB-4FDA-A019-2E8E50770D73}.Release|x64.Build.0 = Release|Any CPU
		{B92EE138-34DB-4FDA-A019-2E8E50770D73}.Release|x86.ActiveCfg = Release|Any CPU
		{B92EE138-34DB-4FDA-A019-2E8E50770D73}.Release|x86.Build.0 = Release|Any CPU
		{7BCC6548-AC67-4A8A-867F-E01FBA36B0D5}.Debug|Any CPU.ActiveCfg = Debug|Any CPU
		{7BCC6548-AC67-4A8A-867F-E01FBA36B0D5}.Debug|Any CPU.Build.0 = Debug|Any CPU
		{7BCC6548-AC67-4A8A-867F-E01FBA36B0D5}.Debug|x64.ActiveCfg = Debug|Any CPU
		{7BCC6548-AC67-4A8A-867F-E01FBA36B0D5}.Debug|x64.Build.0 = Debug|Any CPU
		{7BCC6548-AC67-4A8A-867F-E01FBA36B0D5}.Debug|x86.ActiveCfg = Debug|Any CPU
		{7BCC6548-AC67-4A8A-867F-E01FBA36B0D5}.Debug|x86.Build.0 = Debug|Any CPU
		{7BCC6548-AC67-4A8A-867F-E01FBA36B0D5}.Release|Any CPU.ActiveCfg = Release|Any CPU
		{7BCC6548-AC67-4A8A-867F-E01FBA36B0D5}.Release|Any CPU.Build.0 = Release|Any CPU
		{7BCC6548-AC67-4A8A-867F-E01FBA36B0D5}.Release|x64.ActiveCfg = Release|Any CPU
		{7BCC6548-AC67-4A8A-867F-E01FBA36B0D5}.Release|x64.Build.0 = Release|Any CPU
		{7BCC6548-AC67-4A8A-867F-E01FBA36B0D5}.Release|x86.ActiveCfg = Release|Any CPU
		{7BCC6548-AC67-4A8A-867F-E01FBA36B0D5}.Release|x86.Build.0 = Release|Any CPU
		{A015ABE8-AD00-43AC-81B4-C4025D0D8799}.Debug|Any CPU.ActiveCfg = Debug|Any CPU
		{A015ABE8-AD00-43AC-81B4-C4025D0D8799}.Debug|Any CPU.Build.0 = Debug|Any CPU
		{A015ABE8-AD00-43AC-81B4-C4025D0D8799}.Debug|x64.ActiveCfg = Debug|Any CPU
		{A015ABE8-AD00-43AC-81B4-C4025D0D8799}.Debug|x64.Build.0 = Debug|Any CPU
		{A015ABE8-AD00-43AC-81B4-C4025D0D8799}.Debug|x86.ActiveCfg = Debug|Any CPU
		{A015ABE8-AD00-43AC-81B4-C4025D0D8799}.Debug|x86.Build.0 = Debug|Any CPU
		{A015ABE8-AD00-43AC-81B4-C4025D0D8799}.Release|Any CPU.ActiveCfg = Release|Any CPU
		{A015ABE8-AD00-43AC-81B4-C4025D0D8799}.Release|Any CPU.Build.0 = Release|Any CPU
		{A015ABE8-AD00-43AC-81B4-C4025D0D8799}.Release|x64.ActiveCfg = Release|Any CPU
		{A015ABE8-AD00-43AC-81B4-C4025D0D8799}.Release|x64.Build.0 = Release|Any CPU
		{A015ABE8-AD00-43AC-81B4-C4025D0D8799}.Release|x86.ActiveCfg = Release|Any CPU
		{A015ABE8-AD00-43AC-81B4-C4025D0D8799}.Release|x86.Build.0 = Release|Any CPU
		{E12BB5FD-8401-46E6-BCC4-034672C996F3}.Debug|Any CPU.ActiveCfg = Debug|Any CPU
		{E12BB5FD-8401-46E6-BCC4-034672C996F3}.Debug|Any CPU.Build.0 = Debug|Any CPU
		{E12BB5FD-8401-46E6-BCC4-034672C996F3}.Debug|x64.ActiveCfg = Debug|Any CPU
		{E12BB5FD-8401-46E6-BCC4-034672C996F3}.Debug|x64.Build.0 = Debug|Any CPU
		{E12BB5FD-8401-46E6-BCC4-034672C996F3}.Debug|x86.ActiveCfg = Debug|Any CPU
		{E12BB5FD-8401-46E6-BCC4-034672C996F3}.Debug|x86.Build.0 = Debug|Any CPU
		{E12BB5FD-8401-46E6-BCC4-034672C996F3}.Release|Any CPU.ActiveCfg = Release|Any CPU
		{E12BB5FD-8401-46E6-BCC4-034672C996F3}.Release|Any CPU.Build.0 = Release|Any CPU
		{E12BB5FD-8401-46E6-BCC4-034672C996F3}.Release|x64.ActiveCfg = Release|Any CPU
		{E12BB5FD-8401-46E6-BCC4-034672C996F3}.Release|x64.Build.0 = Release|Any CPU
		{E12BB5FD-8401-46E6-BCC4-034672C996F3}.Release|x86.ActiveCfg = Release|Any CPU
		{E12BB5FD-8401-46E6-BCC4-034672C996F3}.Release|x86.Build.0 = Release|Any CPU
		{671FDD37-FDF0-412C-9FA2-346C313FD814}.Debug|Any CPU.ActiveCfg = Debug|Any CPU
		{671FDD37-FDF0-412C-9FA2-346C313FD814}.Debug|Any CPU.Build.0 = Debug|Any CPU
		{671FDD37-FDF0-412C-9FA2-346C313FD814}.Debug|x64.ActiveCfg = Debug|Any CPU
		{671FDD37-FDF0-412C-9FA2-346C313FD814}.Debug|x64.Build.0 = Debug|Any CPU
		{671FDD37-FDF0-412C-9FA2-346C313FD814}.Debug|x86.ActiveCfg = Debug|Any CPU
		{671FDD37-FDF0-412C-9FA2-346C313FD814}.Debug|x86.Build.0 = Debug|Any CPU
		{671FDD37-FDF0-412C-9FA2-346C313FD814}.Release|Any CPU.ActiveCfg = Release|Any CPU
		{671FDD37-FDF0-412C-9FA2-346C313FD814}.Release|Any CPU.Build.0 = Release|Any CPU
		{671FDD37-FDF0-412C-9FA2-346C313FD814}.Release|x64.ActiveCfg = Release|Any CPU
		{671FDD37-FDF0-412C-9FA2-346C313FD814}.Release|x64.Build.0 = Release|Any CPU
		{671FDD37-FDF0-412C-9FA2-346C313FD814}.Release|x86.ActiveCfg = Release|Any CPU
		{671FDD37-FDF0-412C-9FA2-346C313FD814}.Release|x86.Build.0 = Release|Any CPU
	EndGlobalSection
	GlobalSection(SolutionProperties) = preSolution
		HideSolutionNode = FALSE
	EndGlobalSection
	GlobalSection(ExtensibilityGlobals) = postSolution
		SolutionGuid = {A5286270-5F26-49DF-B7D1-EE0B72CD8CD1}
	EndGlobalSection
EndGlobal
